{
  "name": "examples.app.spectrogram",
  "version": "0.0.1",
  "lockfileVersion": 1,
  "requires": true,
  "dependencies": {
    "bokehjs": {
      "version": "file:../../../bokehjs",
      "requires": {
        "canvas2svg": "git+https://github.com/bokeh/canvas2svg.git#v1.0.21",
        "es5-ext": "^0.10.50",
        "es6-map": "^0.1.5",
        "es6-promise": "4.2.6",
        "es6-set": "^0.1.5",
        "es6-weak-map": "^2.0.2",
        "flatbush": "^3.1.1",
        "gloo2": "git+https://github.com/bokeh/gloo2.git#b41bd5d",
        "hammerjs": "^2.0.4",
        "nouislider": "^10.0.0",
        "numbro": "git+https://github.com/bokeh/numbro.git#e1b6c52",
        "pikaday": "git+https://github.com/bokeh/pikaday.git#6b7258e",
        "proj4": "<2.4",
        "slickgrid": "git+https://github.com/bokeh/SlickGrid.git#8e993bf",
        "sprintf-js": "^1.1.2",
        "timezone": "^1.0.22",
        "tslib": "^1.9.3",
        "underscore.template": "^0.1.7"
      },
      "dependencies": {
        "@types/jquery": {
          "version": "3.3.31",
          "resolved": "https://registry.npmjs.org/@types/jquery/-/jquery-3.3.31.tgz",
          "integrity": "sha512-Lz4BAJihoFw5nRzKvg4nawXPzutkv7wmfQ5121avptaSIXlDNJCUuxZxX/G+9EVidZGuO0UBlk+YjKbwRKJigg==",
          "requires": {
            "@types/sizzle": "*"
          }
        },
        "@types/sizzle": {
          "version": "2.3.2",
          "resolved": "https://registry.npmjs.org/@types/sizzle/-/sizzle-2.3.2.tgz",
          "integrity": "sha512-7EJYyKTL7tFR8+gDbB6Wwz/arpGa0Mywk1TJbNzKzHtzbwVmY4HR9WqS5VV7dsBUKQmPNr192jHr/VpBluj/hg=="
        },
        "@types/slickgrid": {
          "version": "2.1.27",
          "resolved": "https://registry.npmjs.org/@types/slickgrid/-/slickgrid-2.1.27.tgz",
          "integrity": "sha512-CJ3EI82XAAjkTLNrcMcdsWgAXYyARWI1eo3+jMMqxsNeh0VUtU5k+5K3SUyaeYnif9M0tHLeTna4YKJy1ykb+w==",
          "requires": {
            "@types/jquery": "*"
          }
        },
        "canvas2svg": {
          "version": "git+https://github.com/bokeh/canvas2svg.git#6c526739ab8b07fa335f51d5a78e15e021c2fe1b",
          "from": "git+https://github.com/bokeh/canvas2svg.git#v1.0.21"
        },
        "d": {
          "version": "1.0.1",
          "resolved": "https://registry.npmjs.org/d/-/d-1.0.1.tgz",
          "integrity": "sha512-m62ShEObQ39CfralilEQRjH6oAMtNCV1xJyEx5LpRYUVN+EviphDgUc/F3hnYbADmkiNs67Y+3ylmlG7Lnu+FA==",
          "requires": {
            "es5-ext": "^0.10.50",
            "type": "^1.0.1"
          }
        },
        "es5-ext": {
          "version": "0.10.50",
          "resolved": "https://registry.npmjs.org/es5-ext/-/es5-ext-0.10.50.tgz",
          "integrity": "sha512-KMzZTPBkeQV/JcSQhI5/z6d9VWJ3EnQ194USTUwIYZ2ZbpN8+SGXQKt1h68EX44+qt+Fzr8DO17vnxrw7c3agw==",
          "requires": {
            "es6-iterator": "~2.0.3",
            "es6-symbol": "~3.1.1",
            "next-tick": "^1.0.0"
          }
        },
        "es6-iterator": {
          "version": "2.0.3",
          "resolved": "https://registry.npmjs.org/es6-iterator/-/es6-iterator-2.0.3.tgz",
          "integrity": "sha1-p96IkUGgWpSwhUQDstCg+/qY87c=",
          "requires": {
            "d": "1",
            "es5-ext": "^0.10.35",
            "es6-symbol": "^3.1.1"
          }
        },
        "es6-map": {
          "version": "0.1.5",
          "resolved": "https://registry.npmjs.org/es6-map/-/es6-map-0.1.5.tgz",
          "integrity": "sha1-kTbgUD3MBqMBaQ8LsU/042TpSfA=",
          "requires": {
            "d": "1",
            "es5-ext": "~0.10.14",
            "es6-iterator": "~2.0.1",
            "es6-set": "~0.1.5",
            "es6-symbol": "~3.1.1",
            "event-emitter": "~0.3.5"
          }
        },
        "es6-promise": {
          "version": "4.2.6",
          "resolved": "https://registry.npmjs.org/es6-promise/-/es6-promise-4.2.6.tgz",
          "integrity": "sha512-aRVgGdnmW2OiySVPUC9e6m+plolMAJKjZnQlCwNSuK5yQ0JN61DZSO1X1Ufd1foqWRAlig0rhduTCHe7sVtK5Q=="
        },
        "es6-set": {
          "version": "0.1.5",
          "resolved": "https://registry.npmjs.org/es6-set/-/es6-set-0.1.5.tgz",
          "integrity": "sha1-0rPsXU2ADO2BjbU40ol02wpzzLE=",
          "requires": {
            "d": "1",
            "es5-ext": "~0.10.14",
            "es6-iterator": "~2.0.1",
            "es6-symbol": "3.1.1",
            "event-emitter": "~0.3.5"
          }
        },
        "es6-symbol": {
          "version": "3.1.1",
          "resolved": "https://registry.npmjs.org/es6-symbol/-/es6-symbol-3.1.1.tgz",
          "integrity": "sha1-vwDvT9q2uhtG7Le2KbTH7VcVzHc=",
          "requires": {
            "d": "1",
            "es5-ext": "~0.10.14"
          }
        },
        "es6-weak-map": {
          "version": "2.0.3",
          "resolved": "https://registry.npmjs.org/es6-weak-map/-/es6-weak-map-2.0.3.tgz",
          "integrity": "sha512-p5um32HOTO1kP+w7PRnB+5lQ43Z6muuMuIMffvDN8ZB4GcnjLBV6zGStpbASIMk4DCAvEaamhe2zhyCb/QXXsA==",
          "requires": {
            "d": "1",
            "es5-ext": "^0.10.46",
            "es6-iterator": "^2.0.3",
            "es6-symbol": "^3.1.1"
          }
        },
        "event-emitter": {
          "version": "0.3.5",
          "resolved": "https://registry.npmjs.org/event-emitter/-/event-emitter-0.3.5.tgz",
          "integrity": "sha1-34xp7vFkeSPHFXuc6DhAYQsCzDk=",
          "requires": {
            "d": "1",
            "es5-ext": "~0.10.14"
          }
        },
        "flatbush": {
          "version": "3.1.1",
          "resolved": "https://registry.npmjs.org/flatbush/-/flatbush-3.1.1.tgz",
          "integrity": "sha512-gmNpTLhNH+3UHVirxNbyGxxfey7G2jvgqJTm70t6hlCGrtk3TQHLPjMSYzCpZLkUAx8EXXxpIfqhQFkQJ5wo5g==",
          "requires": {
            "flatqueue": "^1.1.0"
          }
        },
        "flatqueue": {
          "version": "1.1.0",
          "resolved": "https://registry.npmjs.org/flatqueue/-/flatqueue-1.1.0.tgz",
          "integrity": "sha512-N95K6UfbI1wg6iOg3ItYrL3d3kNN6Fe0+dsp6sbTBg9/3dqR5KiTaMdfxG2dz2ITKAWCSYCvjf69xpA6760Zfw=="
        },
        "gloo2": {
          "version": "git+https://github.com/bokeh/gloo2.git#b41bd5daa5eeaac83850cd2586ad7ae05929f027",
          "from": "git+https://github.com/bokeh/gloo2.git#b41bd5d"
        },
        "hammerjs": {
          "version": "2.0.8",
          "resolved": "https://registry.npmjs.org/hammerjs/-/hammerjs-2.0.8.tgz",
          "integrity": "sha1-BO93hiz/K7edMPdpIJWTAiK/YPE="
        },
        "jquery": {
          "version": "3.4.1",
          "resolved": "https://registry.npmjs.org/jquery/-/jquery-3.4.1.tgz",
          "integrity": "sha512-36+AdBzCL+y6qjw5Tx7HgzeGCzC81MDDgaUP8ld2zhx58HdqXGoBd+tHdrBMiyjGQs0Hxs/MLZTu/eHNJJuWPw=="
        },
        "jquery-ui": {
          "version": "1.12.1",
          "resolved": "https://registry.npmjs.org/jquery-ui/-/jquery-ui-1.12.1.tgz",
          "integrity": "sha1-vLQEXI3QU5wTS8FIjN0+dop6nlE="
        },
        "mgrs": {
          "version": "0.0.3",
          "resolved": "https://registry.npmjs.org/mgrs/-/mgrs-0.0.3.tgz",
          "integrity": "sha1-MFjTiukuGr+/dLMqj2y1IlpuqgU="
        },
        "next-tick": {
          "version": "1.0.0",
          "resolved": "https://registry.npmjs.org/next-tick/-/next-tick-1.0.0.tgz",
          "integrity": "sha1-yobR/ogoFpsBICCOPchCS524NCw="
        },
        "nouislider": {
          "version": "10.1.0",
          "resolved": "https://registry.npmjs.org/nouislider/-/nouislider-10.1.0.tgz",
          "integrity": "sha512-lENwxlpoYg4/5gjdaY/PMNHeVL+CMJyrO+7RzXi1MqhSSGwuJsQSJteXCQV5bE2UKEdSLARWrqIF8XSWAq7h+A=="
        },
        "numbro": {
          "version": "git+https://github.com/bokeh/numbro.git#e1b6c52a220d0a1e05dca1bee35dbd1b761fd260",
          "from": "git+https://github.com/bokeh/numbro.git#e1b6c52"
        },
        "pikaday": {
          "version": "git+https://github.com/bokeh/pikaday.git#6b7258eaff518c52b615a5286939aeb298cf0fb0",
          "from": "git+https://github.com/bokeh/pikaday.git#6b7258e"
        },
        "proj4": {
          "version": "2.3.17",
          "resolved": "https://registry.npmjs.org/proj4/-/proj4-2.3.17.tgz",
          "integrity": "sha1-wL60lg+512p9iJ6zsNTNG6iqQgo=",
          "requires": {
            "mgrs": "~0.0.2"
          }
        },
        "slickgrid": {
          "version": "git+https://github.com/bokeh/SlickGrid.git#8e993bfe1e4c16c6115bbad2ee1b4476d2136675",
          "from": "git+https://github.com/bokeh/SlickGrid.git#8e993bf",
          "requires": {
            "@types/slickgrid": "^2.1.27",
            "jquery": ">=3.4.0",
            "jquery-ui": ">=1.8.0",
            "tslib": "^1.10.0"
          }
        },
        "sprintf-js": {
          "version": "1.1.2",
          "resolved": "https://registry.npmjs.org/sprintf-js/-/sprintf-js-1.1.2.tgz",
          "integrity": "sha512-VE0SOVEHCk7Qc8ulkWw3ntAzXuqf7S2lvwQaDLRnUeIEaKNQJzV6BwmLKhOqT61aGhfUMrXeaBk+oDGCzvhcug=="
        },
        "timezone": {
          "version": "1.0.22",
          "resolved": "https://registry.npmjs.org/timezone/-/timezone-1.0.22.tgz",
          "integrity": "sha512-xDkfblPtNhzU0fYm5FhWNzqECX2mzvpBgd+Pf5F8yAQmbxeWL4+6f496iGqdu0WllF7TxSlE6mmRH4uFnACVuQ=="
        },
        "tslib": {
          "version": "1.10.0",
          "resolved": "https://registry.npmjs.org/tslib/-/tslib-1.10.0.tgz",
          "integrity": "sha512-qOebF53frne81cf0S9B41ByenJ3/IuH8yJKngAX35CmiZySA0khhkovshKK+jGCaMnVomla7gVlIcc3EvKPbTQ=="
        },
        "type": {
          "version": "1.0.3",
          "resolved": "https://registry.npmjs.org/type/-/type-1.0.3.tgz",
          "integrity": "sha512-51IMtNfVcee8+9GJvj0spSuFcZHe9vSib6Xtgsny1Km9ugyz2mbS08I3rsUIRYgJohFRFU1160sgRodYz378Hg=="
        },
        "underscore.template": {
          "version": "0.1.7",
          "resolved": "https://registry.npmjs.org/underscore.template/-/underscore.template-0.1.7.tgz",
          "integrity": "sha1-MBPg6hgXVjBvFgnpWcr7xyKts+k="
        }
      }
    }
  }
}
