{
  "name": "gears",
  "version": "0.0.1",
  "lockfileVersion": 2,
  "requires": true,
  "packages": {
    "": {
      "name": "gears",
      "version": "0.0.1",
      "license": "BSD-3-Clause",
      "dependencies": {
        "bokehjs": "file:../../../bokehjs"
      },
      "devDependencies": {}
    },
    "../../../bokehjs": {
      "name": "@bokeh/bokehjs",
      "version": "3.0.0-dev.1",
      "license": "BSD-3-Clause",
      "workspaces": [
        "./make",
        "./src/compiler",
        "./src/lib",
        "./test"
      ],
      "engines": {
        "node": ">=14",
        "npm": ">=7.4"
      }
    },
    "node_modules/bokehjs": {
      "resolved": "../../../bokehjs",
      "link": true
    }
  },
  "dependencies": {
    "bokehjs": {
      "version": "file:../../../bokehjs"
    }
  }
}
