{
  "name": "gears",
  "version": "0.0.1",
  "lockfileVersion": 2,
  "requires": true,
  "packages": {
    "": {
      "version": "0.0.1",
      "license": "BSD-3-Clause",
      "dependencies": {
        "bokehjs": "file:../../../bokehjs"
      },
      "devDependencies": {}
    },
    "../../../bokehjs": {
      "name": "@bokeh/bokehjs",
      "version": "2.3.0",
      "license": "BSD-3-Clause",
      "dependencies": {
        "@bokeh/numbro": "^1.6.2",
        "@bokeh/slickgrid": "~2.4.2702",
        "choices.js": "^9.0.1",
        "es5-ext": "^0.10.53",
        "es6-map": "^0.1.5",
        "es6-promise": "4.2.8",
        "es6-set": "^0.1.5",
        "es6-symbol": "^3.1.3",
        "es6-weak-map": "^2.0.2",
        "flatbush": "^3.2.1",
        "flatpickr": "4.6.6",
        "hammerjs": "^2.0.4",
        "nouislider": "^14.6.3",
        "proj4": "^2.7.0",
        "regl": "^2.0.1",
        "sprintf-js": "^1.1.2",
        "timezone": "^1.0.23",
        "tslib": "^2.1.0",
        "underscore.template": "^0.1.7"
      },
      "devDependencies": {
        "@types/cli-progress": "^3.9.0",
        "@types/combine-source-map": "^0.8.0",
        "@types/convert-source-map": "^1.3.33",
        "@types/css": "^0.0.31",
        "@types/eslint": "^7.2.6",
        "@types/express": "^4.17.11",
        "@types/flatbush": "^3.3.0",
        "@types/geojson": "^7946.0.6",
        "@types/googlemaps": "^3.43.3",
        "@types/hammerjs": "^2.0.39",
        "@types/less": "^3.0.2",
        "@types/node": "^14.14.31",
        "@types/nouislider": "^9.0.10",
        "@types/nunjucks": "^3.1.4",
        "@types/pngjs": "^6.0.0",
        "@types/proj4": "^2.5.0",
        "@types/sinon": "^9.0.10",
        "@types/source-map-support": "^0.5.3",
        "@types/sprintf-js": "^1.1.2",
        "@types/which": "^2.0.0",
        "@types/yargs": "^16.0.0",
        "@typescript-eslint/eslint-plugin": "^4.15.2",
        "@typescript-eslint/parser": "^4.15.2",
        "acorn": "^8.0.5",
        "chalk": "^4.1.0",
        "chrome-remote-interface": "^0.29.0",
        "cli-progress": "^3.9.0",
        "combine-source-map": "^0.8.0",
        "convert-source-map": "^1.7.0",
        "css": "^3.0.0",
        "del": "^6.0.0",
        "devtools-protocol": "^0.0.856957",
        "eslint": "^7.20.0",
        "express": "^4.17.1",
        "less": "^4.1.1",
        "nunjucks": "^3.2.3",
        "path-browserify": "^1.0.0",
        "pngjs": "^6.0.0",
        "semver": "^7.3.4",
        "sinon": "^9.2.4",
        "source-map-support": "^0.5.16",
        "terser": "^5.6.0",
        "ts-node": "^9.1.1",
        "tsconfig-paths": "^3.8.0",
        "typescript": "~4.3.0-dev",
        "which": "^2.0.2",
        "yargs": "^16.2.0"
      },
      "engines": {
        "node": ">=14",
        "npm": ">=7.4"
      }
    },
    "node_modules/bokehjs": {
      "resolved": "../../../bokehjs",
      "link": true
    }
  },
  "dependencies": {
    "bokehjs": {
      "version": "file:../../../bokehjs",
      "requires": {
        "@bokeh/numbro": "^1.6.2",
        "@bokeh/slickgrid": "~2.4.2702",
        "@types/cli-progress": "^3.9.0",
        "@types/combine-source-map": "^0.8.0",
        "@types/convert-source-map": "^1.3.33",
        "@types/css": "^0.0.31",
        "@types/eslint": "^7.2.6",
        "@types/express": "^4.17.11",
        "@types/flatbush": "^3.3.0",
        "@types/geojson": "^7946.0.6",
        "@types/googlemaps": "^3.43.3",
        "@types/hammerjs": "^2.0.39",
        "@types/less": "^3.0.2",
        "@types/node": "^14.14.31",
        "@types/nouislider": "^9.0.10",
        "@types/nunjucks": "^3.1.4",
        "@types/pngjs": "^6.0.0",
        "@types/proj4": "^2.5.0",
        "@types/sinon": "^9.0.10",
        "@types/source-map-support": "^0.5.3",
        "@types/sprintf-js": "^1.1.2",
        "@types/which": "^2.0.0",
        "@types/yargs": "^16.0.0",
        "@typescript-eslint/eslint-plugin": "^4.15.2",
        "@typescript-eslint/parser": "^4.15.2",
        "acorn": "^8.0.5",
        "chalk": "^4.1.0",
        "choices.js": "^9.0.1",
        "chrome-remote-interface": "^0.29.0",
        "cli-progress": "^3.9.0",
        "combine-source-map": "^0.8.0",
        "convert-source-map": "^1.7.0",
        "css": "^3.0.0",
        "del": "^6.0.0",
        "devtools-protocol": "^0.0.856957",
        "es5-ext": "^0.10.53",
        "es6-map": "^0.1.5",
        "es6-promise": "4.2.8",
        "es6-set": "^0.1.5",
        "es6-symbol": "^3.1.3",
        "es6-weak-map": "^2.0.2",
        "eslint": "^7.20.0",
        "express": "^4.17.1",
        "flatbush": "^3.2.1",
        "flatpickr": "4.6.6",
        "hammerjs": "^2.0.4",
        "less": "^4.1.1",
        "nouislider": "^14.6.3",
        "nunjucks": "^3.2.3",
        "path-browserify": "^1.0.0",
        "pngjs": "^6.0.0",
        "proj4": "^2.7.0",
        "regl": "^2.0.1",
        "semver": "^7.3.4",
        "sinon": "^9.2.4",
        "source-map-support": "^0.5.16",
        "sprintf-js": "^1.1.2",
        "terser": "^5.6.0",
        "timezone": "^1.0.23",
        "ts-node": "^9.1.1",
        "tsconfig-paths": "^3.8.0",
        "tslib": "^2.1.0",
        "typescript": "~4.3.0-dev",
        "underscore.template": "^0.1.7",
        "which": "^2.0.2",
        "yargs": "^16.2.0"
      }
    }
  }
}
