{
  "name": "latex_label",
  "version": "0.0.1",
  "lockfileVersion": 2,
  "requires": true,
  "packages": {
    "": {
      "name": "latex_label",
      "version": "0.0.1",
      "license": "BSD-3-Clause",
      "dependencies": {
        "bokehjs": "file:../../../../bokehjs",
        "katex": "^0.11.1"
      },
      "devDependencies": {
        "@types/katex": "^0.10.2"
      }
    },
    "../../../../bokehjs": {
      "name": "@bokeh/bokehjs",
      "version": "3.0.0-dev.1",
      "license": "BSD-3-Clause",
      "workspaces": [
        "./make",
        "./src/compiler",
        "./src/lib",
        "./test"
      ],
      "engines": {
        "node": ">=14",
        "npm": ">=7.4"
      }
    },
    "node_modules/@types/katex": {
      "version": "0.10.2",
      "resolved": "https://registry.npmjs.org/@types/katex/-/katex-0.10.2.tgz",
      "integrity": "sha512-QYTNuhuDU22gouVoL5kLmBTguu2rPvtp7wL5U5fTFsQkM1ojfUgxFPMFrqOSUofrdWwnZEmblcobdlLXj1lVOw==",
      "dev": true
    },
    "node_modules/bokehjs": {
      "resolved": "../../../../bokehjs",
      "link": true
    },
    "node_modules/commander": {
      "version": "2.20.3",
      "resolved": "https://registry.npmjs.org/commander/-/commander-2.20.3.tgz",
      "integrity": "sha512-GpVkmM8vF2vQUkj2LvZmD35JxeJOLCwJ9cUkugyk2nuhbv3+mJvpLYYt+0+USMxE+oj+ey/lJEnhZw75x/OMcQ=="
    },
    "node_modules/katex": {
      "version": "0.11.1",
      "resolved": "https://registry.npmjs.org/katex/-/katex-0.11.1.tgz",
      "integrity": "sha512-5oANDICCTX0NqYIyAiFCCwjQ7ERu3DQG2JFHLbYOf+fXaMoH8eg/zOq5WSYJsKMi/QebW+Eh3gSM+oss1H/bww==",
      "dependencies": {
        "commander": "^2.19.0"
      },
      "bin": {
        "katex": "cli.js"
      }
    }
  },
  "dependencies": {
    "@types/katex": {
      "version": "0.10.2",
      "resolved": "https://registry.npmjs.org/@types/katex/-/katex-0.10.2.tgz",
      "integrity": "sha512-QYTNuhuDU22gouVoL5kLmBTguu2rPvtp7wL5U5fTFsQkM1ojfUgxFPMFrqOSUofrdWwnZEmblcobdlLXj1lVOw==",
      "dev": true
    },
    "bokehjs": {
      "version": "file:../../../../bokehjs"
    },
    "commander": {
      "version": "2.20.3",
      "resolved": "https://registry.npmjs.org/commander/-/commander-2.20.3.tgz",
      "integrity": "sha512-GpVkmM8vF2vQUkj2LvZmD35JxeJOLCwJ9cUkugyk2nuhbv3+mJvpLYYt+0+USMxE+oj+ey/lJEnhZw75x/OMcQ=="
    },
    "katex": {
      "version": "0.11.1",
      "resolved": "https://registry.npmjs.org/katex/-/katex-0.11.1.tgz",
      "integrity": "sha512-5oANDICCTX0NqYIyAiFCCwjQ7ERu3DQG2JFHLbYOf+fXaMoH8eg/zOq5WSYJsKMi/QebW+Eh3gSM+oss1H/bww==",
      "requires": {
        "commander": "^2.19.0"
      }
    }
  }
}
