{
  "name": "examples.app.surface3d",
  "version": "0.0.1",
  "lockfileVersion": 1,
  "requires": true,
  "dependencies": {
    "bokehjs": {
      "version": "file:../../../bokehjs"
    },
    "emitter-component": {
      "version": "1.1.1",
      "resolved": "https://registry.npmjs.org/emitter-component/-/emitter-component-1.1.1.tgz",
      "integrity": "sha1-Bl4tvtaVm/RwZ57avq95gdEAOrY="
    },
    "hammerjs": {
      "version": "2.0.8",
      "resolved": "https://registry.npmjs.org/hammerjs/-/hammerjs-2.0.8.tgz",
      "integrity": "sha1-BO93hiz/K7edMPdpIJWTAiK/YPE="
    },
    "keycharm": {
      "version": "0.2.0",
      "resolved": "https://registry.npmjs.org/keycharm/-/keycharm-0.2.0.tgz",
      "integrity": "sha1-+m6i5DuQpoAohD0n8gddNajD5vk="
    },
    "moment": {
      "version": "2.24.0",
      "resolved": "https://registry.npmjs.org/moment/-/moment-2.24.0.tgz",
      "integrity": "sha512-bV7f+6l2QigeBBZSM/6yTNq4P2fNpSWj/0e7jQcy87A8e7o2nAfP/34/2ky5Vw4B9S446EtIhodAzkFCcR4dQg=="
    },
    "propagating-hammerjs": {
      "version": "1.4.7",
      "resolved": "https://registry.npmjs.org/propagating-hammerjs/-/propagating-hammerjs-1.4.7.tgz",
      "integrity": "sha512-oW9Wd+W2Tp5uOz6Fh4mEU7p+FoyU85smLH/mPga83Loh0pHa6AH4ZHGywvwMk3TWP31l7iUsvJyW265p4Ipwrg==",
      "requires": {
        "hammerjs": "^2.0.8"
      }
    },
    "timsort": {
      "version": "0.3.0",
      "resolved": "https://registry.npmjs.org/timsort/-/timsort-0.3.0.tgz",
      "integrity": "sha1-QFQRqOfmM5/mTbmiNN4R3DHgK9Q="
    },
    "vis-data": {
      "version": "6.2.0",
      "resolved": "https://registry.npmjs.org/vis-data/-/vis-data-6.2.0.tgz",
      "integrity": "sha512-qvXxun6epiKNbj98iFGFRPXFo474f4MoFbHR+XVmF6zw78tqLlvsDSr42lm9Dz30FdHnAdwAUL3eDTacU9pY8w==",
      "requires": {
        "vis-util": "^1.1.0"
      }
    },
    "vis-graph3d": {
      "version": "5.0.1",
      "resolved": "https://registry.npmjs.org/vis-graph3d/-/vis-graph3d-5.0.1.tgz",
      "integrity": "sha512-SENGI9e2jePiM8b8YdSIjvEZorEcj84qDTyav+YuyhYEw2vGch9bCeFQWqsP1cNYbP1USrvqNIZO5fhF/jnHCA==",
      "requires": {
        "emitter-component": "^1.1.1",
        "hammerjs": "^2.0.8",
        "keycharm": "^0.2.0",
        "moment": "^2.24.0",
        "propagating-hammerjs": "^1.4.7",
        "timsort": "^0.3.0",
        "vis-data": "^6.2.0",
        "vis-util": "^1.1.6"
      }
    },
    "vis-util": {
      "version": "1.1.6",
      "resolved": "https://registry.npmjs.org/vis-util/-/vis-util-1.1.6.tgz",
      "integrity": "sha512-SKONvwoWQ48soeuApw8iSV8U3Hs/jJN9W1eTEvRvqeTroCGZcZXI9XVrN8+nZGj3XGXBx4vk621YjfewtNg1nQ==",
      "requires": {
        "moment": "^2.24.0",
        "vis-uuid": "^1.1.3"
      }
    },
    "vis-uuid": {
      "version": "1.1.3",
      "resolved": "https://registry.npmjs.org/vis-uuid/-/vis-uuid-1.1.3.tgz",
      "integrity": "sha512-2B6XdY1bkzbUh+TugmnAaFa61KO9R5pzBzIuFIm8a9FrkbxIdSmQXV+FbfkL8QunkQV/bT0JDLQ2puqCS2+0Og=="
    }
  }
}
