{
  "name": "latex_label",
  "version": "0.0.1",
  "lockfileVersion": 2,
  "requires": true,
  "packages": {
    "": {
      "name": "latex_label",
      "version": "0.0.1",
      "license": "BSD-3-Clause",
      "dependencies": {
        "@bokeh/bokehjs": "~3.0.0-dev.10",
        "katex": "^0.11.1"
      },
      "devDependencies": {
        "@types/katex": "^0.10.2"
      }
    },
    "node_modules/@bokeh/bokehjs": {
      "version": "3.0.0-dev.10",
      "resolved": "https://registry.npmjs.org/@bokeh/bokehjs/-/bokehjs-3.0.0-dev.10.tgz",
      "integrity": "sha512-hjqGaTEgZtCBmWkqwG6+4B9JPZpWxDizS9SxCeHMW5m8rqOiweDt54KHBqfPIBpo7FAejzN9EZDm//+39dLPMw==",
      "engines": {
        "node": ">=16.0",
        "npm": ">=8.0"
      }
    },
    "node_modules/@types/katex": {
      "version": "0.10.2",
      "resolved": "https://registry.npmjs.org/@types/katex/-/katex-0.10.2.tgz",
      "integrity": "sha512-QYTNuhuDU22gouVoL5kLmBTguu2rPvtp7wL5U5fTFsQkM1ojfUgxFPMFrqOSUofrdWwnZEmblcobdlLXj1lVOw==",
      "dev": true
    },
    "node_modules/commander": {
      "version": "2.20.3",
      "resolved": "https://registry.npmjs.org/commander/-/commander-2.20.3.tgz",
      "integrity": "sha512-GpVkmM8vF2vQUkj2LvZmD35JxeJOLCwJ9cUkugyk2nuhbv3+mJvpLYYt+0+USMxE+oj+ey/lJEnhZw75x/OMcQ=="
    },
    "node_modules/katex": {
      "version": "0.11.1",
      "resolved": "https://registry.npmjs.org/katex/-/katex-0.11.1.tgz",
      "integrity": "sha512-5oANDICCTX0NqYIyAiFCCwjQ7ERu3DQG2JFHLbYOf+fXaMoH8eg/zOq5WSYJsKMi/QebW+Eh3gSM+oss1H/bww==",
      "dependencies": {
        "commander": "^2.19.0"
      },
      "bin": {
        "katex": "cli.js"
      }
    }
  },
  "dependencies": {
    "@bokeh/bokehjs": {
      "version": "3.0.0-dev.10",
      "resolved": "https://registry.npmjs.org/@bokeh/bokehjs/-/bokehjs-3.0.0-dev.10.tgz",
      "integrity": "sha512-hjqGaTEgZtCBmWkqwG6+4B9JPZpWxDizS9SxCeHMW5m8rqOiweDt54KHBqfPIBpo7FAejzN9EZDm//+39dLPMw=="
    },
    "@types/katex": {
      "version": "0.10.2",
      "resolved": "https://registry.npmjs.org/@types/katex/-/katex-0.10.2.tgz",
      "integrity": "sha512-QYTNuhuDU22gouVoL5kLmBTguu2rPvtp7wL5U5fTFsQkM1ojfUgxFPMFrqOSUofrdWwnZEmblcobdlLXj1lVOw==",
      "dev": true
    },
    "commander": {
      "version": "2.20.3",
      "resolved": "https://registry.npmjs.org/commander/-/commander-2.20.3.tgz",
      "integrity": "sha512-GpVkmM8vF2vQUkj2LvZmD35JxeJOLCwJ9cUkugyk2nuhbv3+mJvpLYYt+0+USMxE+oj+ey/lJEnhZw75x/OMcQ=="
    },
    "katex": {
      "version": "0.11.1",
      "resolved": "https://registry.npmjs.org/katex/-/katex-0.11.1.tgz",
      "integrity": "sha512-5oANDICCTX0NqYIyAiFCCwjQ7ERu3DQG2JFHLbYOf+fXaMoH8eg/zOq5WSYJsKMi/QebW+Eh3gSM+oss1H/bww==",
      "requires": {
        "commander": "^2.19.0"
      }
    }
  }
}
