{
  "name": "ext_package_no_main",
  "version": "0.0.1",
  "lockfileVersion": 2,
  "requires": true,
  "packages": {
    "": {
      "name": "ext_package_no_main",
      "version": "0.0.1",
      "license": "BSD-3-Clause",
      "dependencies": {
        "@bokeh/bokehjs": "~3.0.0-dev.10"
      }
    },
    "node_modules/@bokeh/bokehjs": {
      "version": "3.0.0-dev.10",
      "resolved": "https://registry.npmjs.org/@bokeh/bokehjs/-/bokehjs-3.0.0-dev.10.tgz",
      "integrity": "sha512-hjqGaTEgZtCBmWkqwG6+4B9JPZpWxDizS9SxCeHMW5m8rqOiweDt54KHBqfPIBpo7FAejzN9EZDm//+39dLPMw==",
      "engines": {
        "node": ">=16.0",
        "npm": ">=8.0"
      }
    }
  },
  "dependencies": {
    "@bokeh/bokehjs": {
      "version": "3.0.0-dev.10",
      "resolved": "https://registry.npmjs.org/@bokeh/bokehjs/-/bokehjs-3.0.0-dev.10.tgz",
      "integrity": "sha512-hjqGaTEgZtCBmWkqwG6+4B9JPZpWxDizS9SxCeHMW5m8rqOiweDt54KHBqfPIBpo7FAejzN9EZDm//+39dLPMw=="
    }
  }
}
